PODS:
  - Expecta (1.0.0)
  - Specta (1.0.2)
  - TelegramAppKit (0.1.0)

DEPENDENCIES:
  - Expecta
  - Specta
  - TelegramAppKit (from `../`)

EXTERNAL SOURCES:
  TelegramAppKit:
    :path: "../"

SPEC CHECKSUMS:
  Expecta: 32604574add2c46a36f8d2f716b6c5736eb75024
  Specta: 9cec98310dca411f7c7ffd6943552b501622abfe
  TelegramAppKit: 3f2e86f8ae6d78aa7a5f1fcf78ffb322338dc0b5

COCOAPODS: 0.37.2
